{
  "name": "AprendizFivem",
  "lockfileVersion": 2,
  "requires": true,
  "packages": {
    "": {
      "devDependencies": {
        "@citizenfx/client": "^2.0.5888-1",
        "@citizenfx/server": "^2.0.5888-1"
      }
    },
    "node_modules/@citizenfx/client": {
      "version": "2.0.5888-1",
      "resolved": "https://registry.npmjs.org/@citizenfx/client/-/client-2.0.5888-1.tgz",
      "integrity": "sha512-yyuQaCDvu11AwzHbjsNBkyZYIVya8zvl0rcyuMmUM4/8/+D79sAELQolLrA1nCh0DwngYEPIJi2CxHx2nXILgw==",
      "dev": true
    },
    "node_modules/@citizenfx/server": {
      "version": "2.0.5888-1",
      "resolved": "https://registry.npmjs.org/@citizenfx/server/-/server-2.0.5888-1.tgz",
      "integrity": "sha512-I/YYhzDJz6RAie2+grI0+G17FCLE9kLc8OvpzqGwy/HERkDq3ZjhkRVp+LCDgip2stWq0eeZ8t3RPD6K7/i1WA==",
      "dev": true
    }
  },
  "dependencies": {
    "@citizenfx/client": {
      "version": "2.0.5888-1",
      "resolved": "https://registry.npmjs.org/@citizenfx/client/-/client-2.0.5888-1.tgz",
      "integrity": "sha512-yyuQaCDvu11AwzHbjsNBkyZYIVya8zvl0rcyuMmUM4/8/+D79sAELQolLrA1nCh0DwngYEPIJi2CxHx2nXILgw==",
      "dev": true
    },
    "@citizenfx/server": {
      "version": "2.0.5888-1",
      "resolved": "https://registry.npmjs.org/@citizenfx/server/-/server-2.0.5888-1.tgz",
      "integrity": "sha512-I/YYhzDJz6RAie2+grI0+G17FCLE9kLc8OvpzqGwy/HERkDq3ZjhkRVp+LCDgip2stWq0eeZ8t3RPD6K7/i1WA==",
      "dev": true
    }
  }
}
